
Microsoft Visual Studio Solution File, Format Version 12.00
# Visual Studio Version 17
VisualStudioVersion = 17.11.35222.181
MinimumVisualStudioVersion = 10.0.40219.1
Project("{FAE04EC0-301F-11D3-BF4B-00C04F79EFBC}") = "GoogleTimezoneSln", "GoogleTimezoneSln\GoogleTimezoneSln.csproj", "{3F0F4C19-DC95-4AC1-8141-567DDD4C208C}"
EndProject
Project("{FAE04EC0-301F-11D3-BF4B-00C04F79EFBC}") = "GoogleTimezoneTests", "GoogleTimezoneTests\GoogleTimezoneTests.csproj", "{54883353-B8DA-4588-A298-EAA325B02619}"
EndProject
Global
	GlobalSection(SolutionConfigurationPlatforms) = preSolution
		Debug|Any CPU = Debug|Any CPU
		Release|Any CPU = Release|Any CPU
	EndGlobalSection
	GlobalSection(ProjectConfigurationPlatforms) = postSolution
		{3F0F4C19-DC95-4AC1-8141-567DDD4C208C}.Debug|Any CPU.ActiveCfg = Debug|Any CPU
		{3F0F4C19-DC95-4AC1-8141-567DDD4C208C}.Debug|Any CPU.Build.0 = Debug|Any CPU
		{3F0F4C19-DC95-4AC1-8141-567DDD4C208C}.Release|Any CPU.ActiveCfg = Release|Any CPU
		{3F0F4C19-DC95-4AC1-8141-567DDD4C208C}.Release|Any CPU.Build.0 = Release|Any CPU
		{54883353-B8DA-4588-A298-EAA325B02619}.Debug|Any CPU.ActiveCfg = Debug|Any CPU
		{54883353-B8DA-4588-A298-EAA325B02619}.Debug|Any CPU.Build.0 = Debug|Any CPU
		{54883353-B8DA-4588-A298-EAA325B02619}.Release|Any CPU.ActiveCfg = Release|Any CPU
		{54883353-B8DA-4588-A298-EAA325B02619}.Release|Any CPU.Build.0 = Release|Any CPU
	EndGlobalSection
	GlobalSection(SolutionProperties) = preSolution
		HideSolutionNode = FALSE
	EndGlobalSection
	GlobalSection(ExtensibilityGlobals) = postSolution
		SolutionGuid = {22CDC5D4-5E10-4FA8-8D13-CC2AC529237A}
	EndGlobalSection
EndGlobal
